// !$*UTF8*$!
{
	archiveVersion = 1;
	classes = {
	};
	objectVersion = 50;
	objects = {

/* Begin PBXBuildFile section */
		F5471FCF22408471000EBC82 /* Aes.swift in Sources */ = {isa = PBXBuildFile; fileRef = F5471FCE22408471000EBC82 /* Aes.swift */; };
		F5471FD122408534000EBC82 /* Cryptor.swift in Sources */ = {isa = PBXBuildFile; fileRef = F5471FD022408534000EBC82 /* Cryptor.swift */; };
		F5471FD32240891F000EBC82 /* BlockCipher.swift in Sources */ = {isa = PBXBuildFile; fileRef = F5471FD22240891F000EBC82 /* BlockCipher.swift */; };
		F5471FD522409412000EBC82 /* SymmetricKey+Aes.swift in Sources */ = {isa = PBXBuildFile; fileRef = F5471FD422409412000EBC82 /* SymmetricKey+Aes.swift */; };
		F5471FD822409D24000EBC82 /* SymmetricKey.swift in Sources */ = {isa = PBXBuildFile; fileRef = F5471FD722409D24000EBC82 /* SymmetricKey.swift */; };
		F5471FDA2240A62B000EBC82 /* Random.swift in Sources */ = {isa = PBXBuildFile; fileRef = F5471FD92240A62B000EBC82 /* Random.swift */; };
		F5471FE22240B1E5000EBC82 /* AesTests.swift in Sources */ = {isa = PBXBuildFile; fileRef = F5471FE12240B1E5000EBC82 /* AesTests.swift */; };
		F5471FE42240B1E5000EBC82 /* CryptoKit.framework in Frameworks */ = {isa = PBXBuildFile; fileRef = F5D857AB223CF081003350B9 /* CryptoKit.framework */; };
		F59CED78223D914E007CF454 /* AppDelegate.swift in Sources */ = {isa = PBXBuildFile; fileRef = F59CED77223D914E007CF454 /* AppDelegate.swift */; };
		F59CED7A223D914E007CF454 /* ViewController.swift in Sources */ = {isa = PBXBuildFile; fileRef = F59CED79223D914E007CF454 /* ViewController.swift */; };
		F59CED7D223D914E007CF454 /* Main.storyboard in Resources */ = {isa = PBXBuildFile; fileRef = F59CED7B223D914E007CF454 /* Main.storyboard */; };
		F59CED7F223D9152007CF454 /* Assets.xcassets in Resources */ = {isa = PBXBuildFile; fileRef = F59CED7E223D9152007CF454 /* Assets.xcassets */; };
		F59CED82223D9152007CF454 /* LaunchScreen.storyboard in Resources */ = {isa = PBXBuildFile; fileRef = F59CED80223D9152007CF454 /* LaunchScreen.storyboard */; };
		F59CED8C223DDB5F007CF454 /* KeychainError.swift in Sources */ = {isa = PBXBuildFile; fileRef = F59CED8B223DDB5F007CF454 /* KeychainError.swift */; };
		F59CED8E223DDEF1007CF454 /* Algorithm.swift in Sources */ = {isa = PBXBuildFile; fileRef = F59CED8D223DDEF1007CF454 /* Algorithm.swift */; };
		F59CED91223EB9DF007CF454 /* PrivateKey.swift in Sources */ = {isa = PBXBuildFile; fileRef = F59CED90223EB9DF007CF454 /* PrivateKey.swift */; };
		F59CED93223EBD67007CF454 /* PrivateKey+Rsa.swift in Sources */ = {isa = PBXBuildFile; fileRef = F59CED92223EBD67007CF454 /* PrivateKey+Rsa.swift */; };
		F59CED97223F3DFB007CF454 /* CommonCrypto.swift in Sources */ = {isa = PBXBuildFile; fileRef = F59CED96223F3DFB007CF454 /* CommonCrypto.swift */; };
		F59CED9A223F4299007CF454 /* RSACryptor.swift in Sources */ = {isa = PBXBuildFile; fileRef = F59CED99223F4299007CF454 /* RSACryptor.swift */; };
		F59CED9E223F5040007CF454 /* CCError.swift in Sources */ = {isa = PBXBuildFile; fileRef = F59CED9D223F5040007CF454 /* CCError.swift */; };
		F59CEDA0223F782C007CF454 /* ASN1.swift in Sources */ = {isa = PBXBuildFile; fileRef = F59CED9F223F782C007CF454 /* ASN1.swift */; };
		F59CEDA6223FA703007CF454 /* Key.swift in Sources */ = {isa = PBXBuildFile; fileRef = F59CEDA5223FA703007CF454 /* Key.swift */; };
		F59CEDA8223FAE30007CF454 /* Digest.swift in Sources */ = {isa = PBXBuildFile; fileRef = F59CEDA7223FAE30007CF454 /* Digest.swift */; };
		F59CEDA9223FB4C9007CF454 /* CryptoKit.framework in Frameworks */ = {isa = PBXBuildFile; fileRef = F5D857AB223CF081003350B9 /* CryptoKit.framework */; };
		F59CEDAA223FB4C9007CF454 /* CryptoKit.framework in Embed Frameworks */ = {isa = PBXBuildFile; fileRef = F5D857AB223CF081003350B9 /* CryptoKit.framework */; settings = {ATTRIBUTES = (CodeSignOnCopy, RemoveHeadersOnCopy, ); }; };
		F5D857B0223CF081003350B9 /* CryptoKit.h in Headers */ = {isa = PBXBuildFile; fileRef = F5D857AE223CF081003350B9 /* CryptoKit.h */; settings = {ATTRIBUTES = (Public, ); }; };
		F5D85852223D0985003350B9 /* Rsa.swift in Sources */ = {isa = PBXBuildFile; fileRef = F5D85851223D0985003350B9 /* Rsa.swift */; };
		F5D85858223D2685003350B9 /* PublicKey.swift in Sources */ = {isa = PBXBuildFile; fileRef = F5D85857223D2685003350B9 /* PublicKey.swift */; };
		F5D8585A223D314F003350B9 /* PublicKey+Rsa.swift in Sources */ = {isa = PBXBuildFile; fileRef = F5D85859223D314F003350B9 /* PublicKey+Rsa.swift */; };
		F5D8586C223D6F3D003350B9 /* RsaTests.swift in Sources */ = {isa = PBXBuildFile; fileRef = F5D8586B223D6F3D003350B9 /* RsaTests.swift */; };
		F5D8586E223D6F3D003350B9 /* CryptoKit.framework in Frameworks */ = {isa = PBXBuildFile; fileRef = F5D857AB223CF081003350B9 /* CryptoKit.framework */; };
/* End PBXBuildFile section */

/* Begin PBXContainerItemProxy section */
		F5471FE52240B1E5000EBC82 /* PBXContainerItemProxy */ = {
			isa = PBXContainerItemProxy;
			containerPortal = F5D857A2223CF081003350B9 /* Project object */;
			proxyType = 1;
			remoteGlobalIDString = F5D857AA223CF081003350B9;
			remoteInfo = CryptoKit;
		};
		F5471FEA2240B1EA000EBC82 /* PBXContainerItemProxy */ = {
			isa = PBXContainerItemProxy;
			containerPortal = F5D857A2223CF081003350B9 /* Project object */;
			proxyType = 1;
			remoteGlobalIDString = F59CED74223D914E007CF454;
			remoteInfo = Example;
		};
		F59CED87223D9158007CF454 /* PBXContainerItemProxy */ = {
			isa = PBXContainerItemProxy;
			containerPortal = F5D857A2223CF081003350B9 /* Project object */;
			proxyType = 1;
			remoteGlobalIDString = F59CED74223D914E007CF454;
			remoteInfo = Example;
		};
		F59CEDAB223FB4C9007CF454 /* PBXContainerItemProxy */ = {
			isa = PBXContainerItemProxy;
			containerPortal = F5D857A2223CF081003350B9 /* Project object */;
			proxyType = 1;
			remoteGlobalIDString = F5D857AA223CF081003350B9;
			remoteInfo = CryptoKit;
		};
		F5D8586F223D6F3D003350B9 /* PBXContainerItemProxy */ = {
			isa = PBXContainerItemProxy;
			containerPortal = F5D857A2223CF081003350B9 /* Project object */;
			proxyType = 1;
			remoteGlobalIDString = F5D857AA223CF081003350B9;
			remoteInfo = CryptoKit;
		};
/* End PBXContainerItemProxy section */

/* Begin PBXCopyFilesBuildPhase section */
		F59CEDAD223FB4C9007CF454 /* Embed Frameworks */ = {
			isa = PBXCopyFilesBuildPhase;
			buildActionMask = 2147483647;
			dstPath = "";
			dstSubfolderSpec = 10;
			files = (
				F59CEDAA223FB4C9007CF454 /* CryptoKit.framework in Embed Frameworks */,
			);
			name = "Embed Frameworks";
			runOnlyForDeploymentPostprocessing = 0;
		};
/* End PBXCopyFilesBuildPhase section */

/* Begin PBXFileReference section */
		F5471FCE22408471000EBC82 /* Aes.swift */ = {isa = PBXFileReference; lastKnownFileType = sourcecode.swift; path = Aes.swift; sourceTree = "<group>"; };
		F5471FD022408534000EBC82 /* Cryptor.swift */ = {isa = PBXFileReference; lastKnownFileType = sourcecode.swift; path = Cryptor.swift; sourceTree = "<group>"; };
		F5471FD22240891F000EBC82 /* BlockCipher.swift */ = {isa = PBXFileReference; lastKnownFileType = sourcecode.swift; path = BlockCipher.swift; sourceTree = "<group>"; };
		F5471FD422409412000EBC82 /* SymmetricKey+Aes.swift */ = {isa = PBXFileReference; lastKnownFileType = sourcecode.swift; path = "SymmetricKey+Aes.swift"; sourceTree = "<group>"; };
		F5471FD722409D24000EBC82 /* SymmetricKey.swift */ = {isa = PBXFileReference; lastKnownFileType = sourcecode.swift; path = SymmetricKey.swift; sourceTree = "<group>"; };
		F5471FD92240A62B000EBC82 /* Random.swift */ = {isa = PBXFileReference; lastKnownFileType = sourcecode.swift; path = Random.swift; sourceTree = "<group>"; };
		F5471FDF2240B1E5000EBC82 /* AesTests.xctest */ = {isa = PBXFileReference; explicitFileType = wrapper.cfbundle; includeInIndex = 0; path = AesTests.xctest; sourceTree = BUILT_PRODUCTS_DIR; };
		F5471FE12240B1E5000EBC82 /* AesTests.swift */ = {isa = PBXFileReference; lastKnownFileType = sourcecode.swift; path = AesTests.swift; sourceTree = "<group>"; };
		F5471FE32240B1E5000EBC82 /* Info.plist */ = {isa = PBXFileReference; lastKnownFileType = text.plist.xml; path = Info.plist; sourceTree = "<group>"; };
		F59CED75223D914E007CF454 /* Example.app */ = {isa = PBXFileReference; explicitFileType = wrapper.application; includeInIndex = 0; path = Example.app; sourceTree = BUILT_PRODUCTS_DIR; };
		F59CED77223D914E007CF454 /* AppDelegate.swift */ = {isa = PBXFileReference; lastKnownFileType = sourcecode.swift; path = AppDelegate.swift; sourceTree = "<group>"; };
		F59CED79223D914E007CF454 /* ViewController.swift */ = {isa = PBXFileReference; lastKnownFileType = sourcecode.swift; path = ViewController.swift; sourceTree = "<group>"; };
		F59CED7C223D914E007CF454 /* Base */ = {isa = PBXFileReference; lastKnownFileType = file.storyboard; name = Base; path = Base.lproj/Main.storyboard; sourceTree = "<group>"; };
		F59CED7E223D9152007CF454 /* Assets.xcassets */ = {isa = PBXFileReference; lastKnownFileType = folder.assetcatalog; path = Assets.xcassets; sourceTree = "<group>"; };
		F59CED81223D9152007CF454 /* Base */ = {isa = PBXFileReference; lastKnownFileType = file.storyboard; name = Base; path = Base.lproj/LaunchScreen.storyboard; sourceTree = "<group>"; };
		F59CED83223D9152007CF454 /* Info.plist */ = {isa = PBXFileReference; lastKnownFileType = text.plist.xml; path = Info.plist; sourceTree = "<group>"; };
		F59CED8B223DDB5F007CF454 /* KeychainError.swift */ = {isa = PBXFileReference; lastKnownFileType = sourcecode.swift; path = KeychainError.swift; sourceTree = "<group>"; };
		F59CED8D223DDEF1007CF454 /* Algorithm.swift */ = {isa = PBXFileReference; lastKnownFileType = sourcecode.swift; path = Algorithm.swift; sourceTree = "<group>"; };
		F59CED90223EB9DF007CF454 /* PrivateKey.swift */ = {isa = PBXFileReference; lastKnownFileType = sourcecode.swift; path = PrivateKey.swift; sourceTree = "<group>"; };
		F59CED92223EBD67007CF454 /* PrivateKey+Rsa.swift */ = {isa = PBXFileReference; lastKnownFileType = sourcecode.swift; path = "PrivateKey+Rsa.swift"; sourceTree = "<group>"; };
		F59CED96223F3DFB007CF454 /* CommonCrypto.swift */ = {isa = PBXFileReference; lastKnownFileType = sourcecode.swift; path = CommonCrypto.swift; sourceTree = "<group>"; };
		F59CED99223F4299007CF454 /* RSACryptor.swift */ = {isa = PBXFileReference; lastKnownFileType = sourcecode.swift; path = RSACryptor.swift; sourceTree = "<group>"; };
		F59CED9D223F5040007CF454 /* CCError.swift */ = {isa = PBXFileReference; lastKnownFileType = sourcecode.swift; path = CCError.swift; sourceTree = "<group>"; };
		F59CED9F223F782C007CF454 /* ASN1.swift */ = {isa = PBXFileReference; lastKnownFileType = sourcecode.swift; path = ASN1.swift; sourceTree = "<group>"; };
		F59CEDA5223FA703007CF454 /* Key.swift */ = {isa = PBXFileReference; lastKnownFileType = sourcecode.swift; path = Key.swift; sourceTree = "<group>"; };
		F59CEDA7223FAE30007CF454 /* Digest.swift */ = {isa = PBXFileReference; lastKnownFileType = sourcecode.swift; path = Digest.swift; sourceTree = "<group>"; };
		F5D857AB223CF081003350B9 /* CryptoKit.framework */ = {isa = PBXFileReference; explicitFileType = wrapper.framework; includeInIndex = 0; path = CryptoKit.framework; sourceTree = BUILT_PRODUCTS_DIR; };
		F5D857AE223CF081003350B9 /* CryptoKit.h */ = {isa = PBXFileReference; lastKnownFileType = sourcecode.c.h; path = CryptoKit.h; sourceTree = "<group>"; };
		F5D857AF223CF081003350B9 /* Info.plist */ = {isa = PBXFileReference; lastKnownFileType = text.plist.xml; path = Info.plist; sourceTree = "<group>"; };
		F5D85851223D0985003350B9 /* Rsa.swift */ = {isa = PBXFileReference; lastKnownFileType = sourcecode.swift; path = Rsa.swift; sourceTree = "<group>"; };
		F5D85857223D2685003350B9 /* PublicKey.swift */ = {isa = PBXFileReference; lastKnownFileType = sourcecode.swift; path = PublicKey.swift; sourceTree = "<group>"; };
		F5D85859223D314F003350B9 /* PublicKey+Rsa.swift */ = {isa = PBXFileReference; lastKnownFileType = sourcecode.swift; path = "PublicKey+Rsa.swift"; sourceTree = "<group>"; };
		F5D85869223D6F3D003350B9 /* RsaTests.xctest */ = {isa = PBXFileReference; explicitFileType = wrapper.cfbundle; includeInIndex = 0; path = RsaTests.xctest; sourceTree = BUILT_PRODUCTS_DIR; };
		F5D8586B223D6F3D003350B9 /* RsaTests.swift */ = {isa = PBXFileReference; lastKnownFileType = sourcecode.swift; path = RsaTests.swift; sourceTree = "<group>"; };
		F5D8586D223D6F3D003350B9 /* Info.plist */ = {isa = PBXFileReference; lastKnownFileType = text.plist.xml; path = Info.plist; sourceTree = "<group>"; };
/* End PBXFileReference section */

/* Begin PBXFrameworksBuildPhase section */
		F5471FDC2240B1E5000EBC82 /* Frameworks */ = {
			isa = PBXFrameworksBuildPhase;
			buildActionMask = 2147483647;
			files = (
				F5471FE42240B1E5000EBC82 /* CryptoKit.framework in Frameworks */,
			);
			runOnlyForDeploymentPostprocessing = 0;
		};
		F59CED72223D914E007CF454 /* Frameworks */ = {
			isa = PBXFrameworksBuildPhase;
			buildActionMask = 2147483647;
			files = (
				F59CEDA9223FB4C9007CF454 /* CryptoKit.framework in Frameworks */,
			);
			runOnlyForDeploymentPostprocessing = 0;
		};
		F5D857A8223CF081003350B9 /* Frameworks */ = {
			isa = PBXFrameworksBuildPhase;
			buildActionMask = 2147483647;
			files = (
			);
			runOnlyForDeploymentPostprocessing = 0;
		};
		F5D85866223D6F3D003350B9 /* Frameworks */ = {
			isa = PBXFrameworksBuildPhase;
			buildActionMask = 2147483647;
			files = (
				F5D8586E223D6F3D003350B9 /* CryptoKit.framework in Frameworks */,
			);
			runOnlyForDeploymentPostprocessing = 0;
		};
/* End PBXFrameworksBuildPhase section */

/* Begin PBXGroup section */
		F5471FD622409475000EBC82 /* AES */ = {
			isa = PBXGroup;
			children = (
				F5471FCE22408471000EBC82 /* Aes.swift */,
				F5471FD422409412000EBC82 /* SymmetricKey+Aes.swift */,
			);
			path = AES;
			sourceTree = "<group>";
		};
		F5471FE02240B1E5000EBC82 /* AesTests */ = {
			isa = PBXGroup;
			children = (
				F5471FE12240B1E5000EBC82 /* AesTests.swift */,
				F5471FE32240B1E5000EBC82 /* Info.plist */,
			);
			path = AesTests;
			sourceTree = "<group>";
		};
		F5471FEC2240C9C9000EBC82 /* Key */ = {
			isa = PBXGroup;
			children = (
				F5D85857223D2685003350B9 /* PublicKey.swift */,
				F59CED90223EB9DF007CF454 /* PrivateKey.swift */,
				F5471FD722409D24000EBC82 /* SymmetricKey.swift */,
			);
			path = Key;
			sourceTree = "<group>";
		};
		F59CED76223D914E007CF454 /* Example */ = {
			isa = PBXGroup;
			children = (
				F59CED77223D914E007CF454 /* AppDelegate.swift */,
				F59CED79223D914E007CF454 /* ViewController.swift */,
				F59CED7B223D914E007CF454 /* Main.storyboard */,
				F59CED7E223D9152007CF454 /* Assets.xcassets */,
				F59CED80223D9152007CF454 /* LaunchScreen.storyboard */,
				F59CED83223D9152007CF454 /* Info.plist */,
			);
			path = Example;
			sourceTree = "<group>";
		};
		F59CED8F223E8482007CF454 /* RSA */ = {
			isa = PBXGroup;
			children = (
				F5D85851223D0985003350B9 /* Rsa.swift */,
				F5D85859223D314F003350B9 /* PublicKey+Rsa.swift */,
				F59CED92223EBD67007CF454 /* PrivateKey+Rsa.swift */,
			);
			path = RSA;
			sourceTree = "<group>";
		};
		F59CED98223F410E007CF454 /* CommonCrypto */ = {
			isa = PBXGroup;
			children = (
				F59CED96223F3DFB007CF454 /* CommonCrypto.swift */,
				F59CED99223F4299007CF454 /* RSACryptor.swift */,
				F59CEDA7223FAE30007CF454 /* Digest.swift */,
				F5471FD022408534000EBC82 /* Cryptor.swift */,
				F5471FD92240A62B000EBC82 /* Random.swift */,
			);
			path = CommonCrypto;
			sourceTree = "<group>";
		};
		F59CEDAE223FEFDD007CF454 /* Base */ = {
			isa = PBXGroup;
			children = (
				F59CED98223F410E007CF454 /* CommonCrypto */,
				F59CED8B223DDB5F007CF454 /* KeychainError.swift */,
				F59CED9D223F5040007CF454 /* CCError.swift */,
				F59CED9F223F782C007CF454 /* ASN1.swift */,
				F59CEDA5223FA703007CF454 /* Key.swift */,
				F59CED8D223DDEF1007CF454 /* Algorithm.swift */,
				F5471FD22240891F000EBC82 /* BlockCipher.swift */,
			);
			path = Base;
			sourceTree = "<group>";
		};
		F5D857A1223CF081003350B9 = {
			isa = PBXGroup;
			children = (
				F5D857AD223CF081003350B9 /* CryptoKit */,
				F5D8586A223D6F3D003350B9 /* RsaTests */,
				F59CED76223D914E007CF454 /* Example */,
				F5471FE02240B1E5000EBC82 /* AesTests */,
				F5D857AC223CF081003350B9 /* Products */,
			);
			sourceTree = "<group>";
		};
		F5D857AC223CF081003350B9 /* Products */ = {
			isa = PBXGroup;
			children = (
				F5D857AB223CF081003350B9 /* CryptoKit.framework */,
				F5D85869223D6F3D003350B9 /* RsaTests.xctest */,
				F59CED75223D914E007CF454 /* Example.app */,
				F5471FDF2240B1E5000EBC82 /* AesTests.xctest */,
			);
			name = Products;
			sourceTree = "<group>";
		};
		F5D857AD223CF081003350B9 /* CryptoKit */ = {
			isa = PBXGroup;
			children = (
				F5D857AE223CF081003350B9 /* CryptoKit.h */,
				F5D857AF223CF081003350B9 /* Info.plist */,
				F5471FD622409475000EBC82 /* AES */,
				F59CED8F223E8482007CF454 /* RSA */,
				F5471FEC2240C9C9000EBC82 /* Key */,
				F59CEDAE223FEFDD007CF454 /* Base */,
			);
			path = CryptoKit;
			sourceTree = "<group>";
		};
		F5D8586A223D6F3D003350B9 /* RsaTests */ = {
			isa = PBXGroup;
			children = (
				F5D8586B223D6F3D003350B9 /* RsaTests.swift */,
				F5D8586D223D6F3D003350B9 /* Info.plist */,
			);
			path = RsaTests;
			sourceTree = "<group>";
		};
/* End PBXGroup section */

/* Begin PBXHeadersBuildPhase section */
		F5D857A6223CF081003350B9 /* Headers */ = {
			isa = PBXHeadersBuildPhase;
			buildActionMask = 2147483647;
			files = (
				F5D857B0223CF081003350B9 /* CryptoKit.h in Headers */,
			);
			runOnlyForDeploymentPostprocessing = 0;
		};
/* End PBXHeadersBuildPhase section */

/* Begin PBXNativeTarget section */
		F5471FDE2240B1E5000EBC82 /* AesTests */ = {
			isa = PBXNativeTarget;
			buildConfigurationList = F5471FE72240B1E5000EBC82 /* Build configuration list for PBXNativeTarget "AesTests" */;
			buildPhases = (
				F5471FDB2240B1E5000EBC82 /* Sources */,
				F5471FDC2240B1E5000EBC82 /* Frameworks */,
				F5471FDD2240B1E5000EBC82 /* Resources */,
			);
			buildRules = (
			);
			dependencies = (
				F5471FE62240B1E5000EBC82 /* PBXTargetDependency */,
				F5471FEB2240B1EA000EBC82 /* PBXTargetDependency */,
			);
			name = AesTests;
			productName = AesTests;
			productReference = F5471FDF2240B1E5000EBC82 /* AesTests.xctest */;
			productType = "com.apple.product-type.bundle.unit-test";
		};
		F59CED74223D914E007CF454 /* Example */ = {
			isa = PBXNativeTarget;
			buildConfigurationList = F59CED84223D9152007CF454 /* Build configuration list for PBXNativeTarget "Example" */;
			buildPhases = (
				F59CED71223D914E007CF454 /* Sources */,
				F59CED72223D914E007CF454 /* Frameworks */,
				F59CED73223D914E007CF454 /* Resources */,
				F59CEDAD223FB4C9007CF454 /* Embed Frameworks */,
			);
			buildRules = (
			);
			dependencies = (
				F59CEDAC223FB4C9007CF454 /* PBXTargetDependency */,
			);
			name = Example;
			productName = Example;
			productReference = F59CED75223D914E007CF454 /* Example.app */;
			productType = "com.apple.product-type.application";
		};
		F5D857AA223CF081003350B9 /* CryptoKit */ = {
			isa = PBXNativeTarget;
			buildConfigurationList = F5D857B3223CF081003350B9 /* Build configuration list for PBXNativeTarget "CryptoKit" */;
			buildPhases = (
				F5D857A6223CF081003350B9 /* Headers */,
				F5D857A7223CF081003350B9 /* Sources */,
				F5D857A8223CF081003350B9 /* Frameworks */,
				F5D857A9223CF081003350B9 /* Resources */,
			);
			buildRules = (
			);
			dependencies = (
			);
			name = CryptoKit;
			productName = CryptoKit;
			productReference = F5D857AB223CF081003350B9 /* CryptoKit.framework */;
			productType = "com.apple.product-type.framework";
		};
		F5D85868223D6F3D003350B9 /* RsaTests */ = {
			isa = PBXNativeTarget;
			buildConfigurationList = F5D85871223D6F3D003350B9 /* Build configuration list for PBXNativeTarget "RsaTests" */;
			buildPhases = (
				F5D85865223D6F3D003350B9 /* Sources */,
				F5D85866223D6F3D003350B9 /* Frameworks */,
				F5D85867223D6F3D003350B9 /* Resources */,
			);
			buildRules = (
			);
			dependencies = (
				F5D85870223D6F3D003350B9 /* PBXTargetDependency */,
				F59CED88223D9158007CF454 /* PBXTargetDependency */,
			);
			name = RsaTests;
			productName = RsaTests;
			productReference = F5D85869223D6F3D003350B9 /* RsaTests.xctest */;
			productType = "com.apple.product-type.bundle.unit-test";
		};
/* End PBXNativeTarget section */

/* Begin PBXProject section */
		F5D857A2223CF081003350B9 /* Project object */ = {
			isa = PBXProject;
			attributes = {
				LastSwiftUpdateCheck = 1010;
				LastUpgradeCheck = 1010;
				ORGANIZATIONNAME = noah.cl.zhuang;
				TargetAttributes = {
					F5471FDE2240B1E5000EBC82 = {
						CreatedOnToolsVersion = 10.1;
						TestTargetID = F59CED74223D914E007CF454;
					};
					F59CED74223D914E007CF454 = {
						CreatedOnToolsVersion = 10.1;
					};
					F5D857AA223CF081003350B9 = {
						CreatedOnToolsVersion = 10.1;
						LastSwiftMigration = 1010;
					};
					F5D85868223D6F3D003350B9 = {
						CreatedOnToolsVersion = 10.1;
						TestTargetID = F59CED74223D914E007CF454;
					};
				};
			};
			buildConfigurationList = F5D857A5223CF081003350B9 /* Build configuration list for PBXProject "CryptoKit" */;
			compatibilityVersion = "Xcode 9.3";
			developmentRegion = en;
			hasScannedForEncodings = 0;
			knownRegions = (
				en,
				Base,
			);
			mainGroup = F5D857A1223CF081003350B9;
			productRefGroup = F5D857AC223CF081003350B9 /* Products */;
			projectDirPath = "";
			projectRoot = "";
			targets = (
				F5D857AA223CF081003350B9 /* CryptoKit */,
				F5D85868223D6F3D003350B9 /* RsaTests */,
				F59CED74223D914E007CF454 /* Example */,
				F5471FDE2240B1E5000EBC82 /* AesTests */,
			);
		};
/* End PBXProject section */

/* Begin PBXResourcesBuildPhase section */
		F5471FDD2240B1E5000EBC82 /* Resources */ = {
			isa = PBXResourcesBuildPhase;
			buildActionMask = 2147483647;
			files = (
			);
			runOnlyForDeploymentPostprocessing = 0;
		};
		F59CED73223D914E007CF454 /* Resources */ = {
			isa = PBXResourcesBuildPhase;
			buildActionMask = 2147483647;
			files = (
				F59CED82223D9152007CF454 /* LaunchScreen.storyboard in Resources */,
				F59CED7F223D9152007CF454 /* Assets.xcassets in Resources */,
				F59CED7D223D914E007CF454 /* Main.storyboard in Resources */,
			);
			runOnlyForDeploymentPostprocessing = 0;
		};
		F5D857A9223CF081003350B9 /* Resources */ = {
			isa = PBXResourcesBuildPhase;
			buildActionMask = 2147483647;
			files = (
			);
			runOnlyForDeploymentPostprocessing = 0;
		};
		F5D85867223D6F3D003350B9 /* Resources */ = {
			isa = PBXResourcesBuildPhase;
			buildActionMask = 2147483647;
			files = (
			);
			runOnlyForDeploymentPostprocessing = 0;
		};
/* End PBXResourcesBuildPhase section */

/* Begin PBXSourcesBuildPhase section */
		F5471FDB2240B1E5000EBC82 /* Sources */ = {
			isa = PBXSourcesBuildPhase;
			buildActionMask = 2147483647;
			files = (
				F5471FE22240B1E5000EBC82 /* AesTests.swift in Sources */,
			);
			runOnlyForDeploymentPostprocessing = 0;
		};
		F59CED71223D914E007CF454 /* Sources */ = {
			isa = PBXSourcesBuildPhase;
			buildActionMask = 2147483647;
			files = (
				F59CED7A223D914E007CF454 /* ViewController.swift in Sources */,
				F59CED78223D914E007CF454 /* AppDelegate.swift in Sources */,
			);
			runOnlyForDeploymentPostprocessing = 0;
		};
		F5D857A7223CF081003350B9 /* Sources */ = {
			isa = PBXSourcesBuildPhase;
			buildActionMask = 2147483647;
			files = (
				F59CED8E223DDEF1007CF454 /* Algorithm.swift in Sources */,
				F5D85858223D2685003350B9 /* PublicKey.swift in Sources */,
				F5D85852223D0985003350B9 /* Rsa.swift in Sources */,
				F5471FD522409412000EBC82 /* SymmetricKey+Aes.swift in Sources */,
				F5471FCF22408471000EBC82 /* Aes.swift in Sources */,
				F5D8585A223D314F003350B9 /* PublicKey+Rsa.swift in Sources */,
				F59CED8C223DDB5F007CF454 /* KeychainError.swift in Sources */,
				F5471FD32240891F000EBC82 /* BlockCipher.swift in Sources */,
				F59CEDA6223FA703007CF454 /* Key.swift in Sources */,
				F59CEDA0223F782C007CF454 /* ASN1.swift in Sources */,
				F59CED93223EBD67007CF454 /* PrivateKey+Rsa.swift in Sources */,
				F5471FDA2240A62B000EBC82 /* Random.swift in Sources */,
				F59CED9A223F4299007CF454 /* RSACryptor.swift in Sources */,
				F5471FD122408534000EBC82 /* Cryptor.swift in Sources */,
				F59CED91223EB9DF007CF454 /* PrivateKey.swift in Sources */,
				F59CEDA8223FAE30007CF454 /* Digest.swift in Sources */,
				F5471FD822409D24000EBC82 /* SymmetricKey.swift in Sources */,
				F59CED9E223F5040007CF454 /* CCError.swift in Sources */,
				F59CED97223F3DFB007CF454 /* CommonCrypto.swift in Sources */,
			);
			runOnlyForDeploymentPostprocessing = 0;
		};
		F5D85865223D6F3D003350B9 /* Sources */ = {
			isa = PBXSourcesBuildPhase;
			buildActionMask = 2147483647;
			files = (
				F5D8586C223D6F3D003350B9 /* RsaTests.swift in Sources */,
			);
			runOnlyForDeploymentPostprocessing = 0;
		};
/* End PBXSourcesBuildPhase section */

/* Begin PBXTargetDependency section */
		F5471FE62240B1E5000EBC82 /* PBXTargetDependency */ = {
			isa = PBXTargetDependency;
			target = F5D857AA223CF081003350B9 /* CryptoKit */;
			targetProxy = F5471FE52240B1E5000EBC82 /* PBXContainerItemProxy */;
		};
		F5471FEB2240B1EA000EBC82 /* PBXTargetDependency */ = {
			isa = PBXTargetDependency;
			target = F59CED74223D914E007CF454 /* Example */;
			targetProxy = F5471FEA2240B1EA000EBC82 /* PBXContainerItemProxy */;
		};
		F59CED88223D9158007CF454 /* PBXTargetDependency */ = {
			isa = PBXTargetDependency;
			target = F59CED74223D914E007CF454 /* Example */;
			targetProxy = F59CED87223D9158007CF454 /* PBXContainerItemProxy */;
		};
		F59CEDAC223FB4C9007CF454 /* PBXTargetDependency */ = {
			isa = PBXTargetDependency;
			target = F5D857AA223CF081003350B9 /* CryptoKit */;
			targetProxy = F59CEDAB223FB4C9007CF454 /* PBXContainerItemProxy */;
		};
		F5D85870223D6F3D003350B9 /* PBXTargetDependency */ = {
			isa = PBXTargetDependency;
			target = F5D857AA223CF081003350B9 /* CryptoKit */;
			targetProxy = F5D8586F223D6F3D003350B9 /* PBXContainerItemProxy */;
		};
/* End PBXTargetDependency section */

/* Begin PBXVariantGroup section */
		F59CED7B223D914E007CF454 /* Main.storyboard */ = {
			isa = PBXVariantGroup;
			children = (
				F59CED7C223D914E007CF454 /* Base */,
			);
			name = Main.storyboard;
			sourceTree = "<group>";
		};
		F59CED80223D9152007CF454 /* LaunchScreen.storyboard */ = {
			isa = PBXVariantGroup;
			children = (
				F59CED81223D9152007CF454 /* Base */,
			);
			name = LaunchScreen.storyboard;
			sourceTree = "<group>";
		};
/* End PBXVariantGroup section */

/* Begin XCBuildConfiguration section */
		F5471FE82240B1E5000EBC82 /* Debug */ = {
			isa = XCBuildConfiguration;
			buildSettings = {
				CODE_SIGN_STYLE = Automatic;
				INFOPLIST_FILE = AesTests/Info.plist;
				IPHONEOS_DEPLOYMENT_TARGET = 12.1;
				LD_RUNPATH_SEARCH_PATHS = (
					"$(inherited)",
					"@executable_path/Frameworks",
					"@loader_path/Frameworks",
				);
				PRODUCT_BUNDLE_IDENTIFIER = com.noah.cl.zhuang.AesTests;
				PRODUCT_NAME = "$(TARGET_NAME)";
				SWIFT_VERSION = 4.2;
				TARGETED_DEVICE_FAMILY = "1,2";
				TEST_HOST = "$(BUILT_PRODUCTS_DIR)/Example.app/Example";
			};
			name = Debug;
		};
		F5471FE92240B1E5000EBC82 /* Release */ = {
			isa = XCBuildConfiguration;
			buildSettings = {
				CODE_SIGN_STYLE = Automatic;
				INFOPLIST_FILE = AesTests/Info.plist;
				IPHONEOS_DEPLOYMENT_TARGET = 12.1;
				LD_RUNPATH_SEARCH_PATHS = (
					"$(inherited)",
					"@executable_path/Frameworks",
					"@loader_path/Frameworks",
				);
				PRODUCT_BUNDLE_IDENTIFIER = com.noah.cl.zhuang.AesTests;
				PRODUCT_NAME = "$(TARGET_NAME)";
				SWIFT_VERSION = 4.2;
				TARGETED_DEVICE_FAMILY = "1,2";
				TEST_HOST = "$(BUILT_PRODUCTS_DIR)/Example.app/Example";
			};
			name = Release;
		};
		F59CED85223D9152007CF454 /* Debug */ = {
			isa = XCBuildConfiguration;
			buildSettings = {
				ALWAYS_EMBED_SWIFT_STANDARD_LIBRARIES = YES;
				ASSETCATALOG_COMPILER_APPICON_NAME = AppIcon;
				CODE_SIGN_STYLE = Automatic;
				INFOPLIST_FILE = Example/Info.plist;
				IPHONEOS_DEPLOYMENT_TARGET = 12.1;
				LD_RUNPATH_SEARCH_PATHS = (
					"$(inherited)",
					"@executable_path/Frameworks",
				);
				PRODUCT_BUNDLE_IDENTIFIER = com.noah.cl.zhuang.Example;
				PRODUCT_NAME = "$(TARGET_NAME)";
				SWIFT_VERSION = 4.2;
				TARGETED_DEVICE_FAMILY = "1,2";
			};
			name = Debug;
		};
		F59CED86223D9152007CF454 /* Release */ = {
			isa = XCBuildConfiguration;
			buildSettings = {
				ALWAYS_EMBED_SWIFT_STANDARD_LIBRARIES = YES;
				ASSETCATALOG_COMPILER_APPICON_NAME = AppIcon;
				CODE_SIGN_STYLE = Automatic;
				INFOPLIST_FILE = Example/Info.plist;
				IPHONEOS_DEPLOYMENT_TARGET = 12.1;
				LD_RUNPATH_SEARCH_PATHS = (
					"$(inherited)",
					"@executable_path/Frameworks",
				);
				PRODUCT_BUNDLE_IDENTIFIER = com.noah.cl.zhuang.Example;
				PRODUCT_NAME = "$(TARGET_NAME)";
				SWIFT_VERSION = 4.2;
				TARGETED_DEVICE_FAMILY = "1,2";
			};
			name = Release;
		};
		F5D857B1223CF081003350B9 /* Debug */ = {
			isa = XCBuildConfiguration;
			buildSettings = {
				ALWAYS_SEARCH_USER_PATHS = NO;
				CLANG_ANALYZER_NONNULL = YES;
				CLANG_ANALYZER_NUMBER_OBJECT_CONVERSION = YES_AGGRESSIVE;
				CLANG_CXX_LANGUAGE_STANDARD = "gnu++14";
				CLANG_CXX_LIBRARY = "libc++";
				CLANG_ENABLE_MODULES = YES;
				CLANG_ENABLE_OBJC_ARC = YES;
				CLANG_ENABLE_OBJC_WEAK = YES;
				CLANG_WARN_BLOCK_CAPTURE_AUTORELEASING = YES;
				CLANG_WARN_BOOL_CONVERSION = YES;
				CLANG_WARN_COMMA = YES;
				CLANG_WARN_CONSTANT_CONVERSION = YES;
				CLANG_WARN_DEPRECATED_OBJC_IMPLEMENTATIONS = YES;
				CLANG_WARN_DIRECT_OBJC_ISA_USAGE = YES_ERROR;
				CLANG_WARN_DOCUMENTATION_COMMENTS = YES;
				CLANG_WARN_EMPTY_BODY = YES;
				CLANG_WARN_ENUM_CONVERSION = YES;
				CLANG_WARN_INFINITE_RECURSION = YES;
				CLANG_WARN_INT_CONVERSION = YES;
				CLANG_WARN_NON_LITERAL_NULL_CONVERSION = YES;
				CLANG_WARN_OBJC_IMPLICIT_RETAIN_SELF = YES;
				CLANG_WARN_OBJC_LITERAL_CONVERSION = YES;
				CLANG_WARN_OBJC_ROOT_CLASS = YES_ERROR;
				CLANG_WARN_RANGE_LOOP_ANALYSIS = YES;
				CLANG_WARN_STRICT_PROTOTYPES = YES;
				CLANG_WARN_SUSPICIOUS_MOVE = YES;
				CLANG_WARN_UNGUARDED_AVAILABILITY = YES_AGGRESSIVE;
				CLANG_WARN_UNREACHABLE_CODE = YES;
				CLANG_WARN__DUPLICATE_METHOD_MATCH = YES;
				CODE_SIGN_IDENTITY = "iPhone Developer";
				COPY_PHASE_STRIP = NO;
				CURRENT_PROJECT_VERSION = 1;
				DEBUG_INFORMATION_FORMAT = dwarf;
				ENABLE_STRICT_OBJC_MSGSEND = YES;
				ENABLE_TESTABILITY = YES;
				FRAMEWORK_SEARCH_PATHS = "$(TARGET_BUILD_DIR)";
				GCC_C_LANGUAGE_STANDARD = gnu11;
				GCC_DYNAMIC_NO_PIC = NO;
				GCC_NO_COMMON_BLOCKS = YES;
				GCC_OPTIMIZATION_LEVEL = 0;
				GCC_PREPROCESSOR_DEFINITIONS = (
					"DEBUG=1",
					"$(inherited)",
				);
				GCC_WARN_64_TO_32_BIT_CONVERSION = YES;
				GCC_WARN_ABOUT_RETURN_TYPE = YES_ERROR;
				GCC_WARN_UNDECLARED_SELECTOR = YES;
				GCC_WARN_UNINITIALIZED_AUTOS = YES_AGGRESSIVE;
				GCC_WARN_UNUSED_FUNCTION = YES;
				GCC_WARN_UNUSED_VARIABLE = YES;
				HEADER_SEARCH_PATHS = "";
				IPHONEOS_DEPLOYMENT_TARGET = 8.0;
				MTL_ENABLE_DEBUG_INFO = INCLUDE_SOURCE;
				MTL_FAST_MATH = YES;
				ONLY_ACTIVE_ARCH = YES;
				SDKROOT = iphoneos;
				SWIFT_ACTIVE_COMPILATION_CONDITIONS = DEBUG;
				SWIFT_INCLUDE_PATHS = "";
				SWIFT_OPTIMIZATION_LEVEL = "-Onone";
				VERSIONING_SYSTEM = "apple-generic";
				VERSION_INFO_PREFIX = "";
			};
			name = Debug;
		};
		F5D857B2223CF081003350B9 /* Release */ = {
			isa = XCBuildConfiguration;
			buildSettings = {
				ALWAYS_SEARCH_USER_PATHS = NO;
				CLANG_ANALYZER_NONNULL = YES;
				CLANG_ANALYZER_NUMBER_OBJECT_CONVERSION = YES_AGGRESSIVE;
				CLANG_CXX_LANGUAGE_STANDARD = "gnu++14";
				CLANG_CXX_LIBRARY = "libc++";
				CLANG_ENABLE_MODULES = YES;
				CLANG_ENABLE_OBJC_ARC = YES;
				CLANG_ENABLE_OBJC_WEAK = YES;
				CLANG_WARN_BLOCK_CAPTURE_AUTORELEASING = YES;
				CLANG_WARN_BOOL_CONVERSION = YES;
				CLANG_WARN_COMMA = YES;
				CLANG_WARN_CONSTANT_CONVERSION = YES;
				CLANG_WARN_DEPRECATED_OBJC_IMPLEMENTATIONS = YES;
				CLANG_WARN_DIRECT_OBJC_ISA_USAGE = YES_ERROR;
				CLANG_WARN_DOCUMENTATION_COMMENTS = YES;
				CLANG_WARN_EMPTY_BODY = YES;
				CLANG_WARN_ENUM_CONVERSION = YES;
				CLANG_WARN_INFINITE_RECURSION = YES;
				CLANG_WARN_INT_CONVERSION = YES;
				CLANG_WARN_NON_LITERAL_NULL_CONVERSION = YES;
				CLANG_WARN_OBJC_IMPLICIT_RETAIN_SELF = YES;
				CLANG_WARN_OBJC_LITERAL_CONVERSION = YES;
				CLANG_WARN_OBJC_ROOT_CLASS = YES_ERROR;
				CLANG_WARN_RANGE_LOOP_ANALYSIS = YES;
				CLANG_WARN_STRICT_PROTOTYPES = YES;
				CLANG_WARN_SUSPICIOUS_MOVE = YES;
				CLANG_WARN_UNGUARDED_AVAILABILITY = YES_AGGRESSIVE;
				CLANG_WARN_UNREACHABLE_CODE = YES;
				CLANG_WARN__DUPLICATE_METHOD_MATCH = YES;
				CODE_SIGN_IDENTITY = "iPhone Developer";
				COPY_PHASE_STRIP = NO;
				CURRENT_PROJECT_VERSION = 1;
				DEBUG_INFORMATION_FORMAT = "dwarf-with-dsym";
				ENABLE_NS_ASSERTIONS = NO;
				ENABLE_STRICT_OBJC_MSGSEND = YES;
				FRAMEWORK_SEARCH_PATHS = "$(TARGET_BUILD_DIR)";
				GCC_C_LANGUAGE_STANDARD = gnu11;
				GCC_NO_COMMON_BLOCKS = YES;
				GCC_WARN_64_TO_32_BIT_CONVERSION = YES;
				GCC_WARN_ABOUT_RETURN_TYPE = YES_ERROR;
				GCC_WARN_UNDECLARED_SELECTOR = YES;
				GCC_WARN_UNINITIALIZED_AUTOS = YES_AGGRESSIVE;
				GCC_WARN_UNUSED_FUNCTION = YES;
				GCC_WARN_UNUSED_VARIABLE = YES;
				HEADER_SEARCH_PATHS = "";
				IPHONEOS_DEPLOYMENT_TARGET = 8.0;
				MTL_ENABLE_DEBUG_INFO = NO;
				MTL_FAST_MATH = YES;
				SDKROOT = iphoneos;
				SWIFT_COMPILATION_MODE = wholemodule;
				SWIFT_INCLUDE_PATHS = "";
				SWIFT_OPTIMIZATION_LEVEL = "-O";
				VALIDATE_PRODUCT = YES;
				VERSIONING_SYSTEM = "apple-generic";
				VERSION_INFO_PREFIX = "";
			};
			name = Release;
		};
		F5D857B4223CF081003350B9 /* Debug */ = {
			isa = XCBuildConfiguration;
			buildSettings = {
				CLANG_ENABLE_MODULES = YES;
				CODE_SIGN_IDENTITY = "";
				CODE_SIGN_STYLE = Automatic;
				DEFINES_MODULE = YES;
				DYLIB_COMPATIBILITY_VERSION = 1;
				DYLIB_CURRENT_VERSION = 1;
				DYLIB_INSTALL_NAME_BASE = "@rpath";
				INFOPLIST_FILE = CryptoKit/Info.plist;
				INSTALL_PATH = "$(LOCAL_LIBRARY_DIR)/Frameworks";
				LD_RUNPATH_SEARCH_PATHS = (
					"$(inherited)",
					"@executable_path/Frameworks",
					"@loader_path/Frameworks",
				);
				LIBRARY_SEARCH_PATHS = "$(inherited)";
				PRODUCT_BUNDLE_IDENTIFIER = com.noah.cl.zhuang.CryptoKit;
				PRODUCT_NAME = "$(TARGET_NAME:c99extidentifier)";
				SKIP_INSTALL = YES;
				SWIFT_OPTIMIZATION_LEVEL = "-Onone";
				SWIFT_VERSION = 4.2;
				TARGETED_DEVICE_FAMILY = "1,2";
			};
			name = Debug;
		};
		F5D857B5223CF081003350B9 /* Release */ = {
			isa = XCBuildConfiguration;
			buildSettings = {
				CLANG_ENABLE_MODULES = YES;
				CODE_SIGN_IDENTITY = "";
				CODE_SIGN_STYLE = Automatic;
				DEFINES_MODULE = YES;
				DYLIB_COMPATIBILITY_VERSION = 1;
				DYLIB_CURRENT_VERSION = 1;
				DYLIB_INSTALL_NAME_BASE = "@rpath";
				INFOPLIST_FILE = CryptoKit/Info.plist;
				INSTALL_PATH = "$(LOCAL_LIBRARY_DIR)/Frameworks";
				LD_RUNPATH_SEARCH_PATHS = (
					"$(inherited)",
					"@executable_path/Frameworks",
					"@loader_path/Frameworks",
				);
				LIBRARY_SEARCH_PATHS = "$(inherited)";
				PRODUCT_BUNDLE_IDENTIFIER = com.noah.cl.zhuang.CryptoKit;
				PRODUCT_NAME = "$(TARGET_NAME:c99extidentifier)";
				SKIP_INSTALL = YES;
				SWIFT_VERSION = 4.2;
				TARGETED_DEVICE_FAMILY = "1,2";
			};
			name = Release;
		};
		F5D85872223D6F3D003350B9 /* Debug */ = {
			isa = XCBuildConfiguration;
			buildSettings = {
				CODE_SIGN_STYLE = Automatic;
				INFOPLIST_FILE = RsaTests/Info.plist;
				IPHONEOS_DEPLOYMENT_TARGET = 12.1;
				LD_RUNPATH_SEARCH_PATHS = (
					"$(inherited)",
					"@executable_path/Frameworks",
					"@loader_path/Frameworks",
				);
				PRODUCT_BUNDLE_IDENTIFIER = com.noah.cl.zhuang.RsaTests;
				PRODUCT_NAME = "$(TARGET_NAME)";
				SWIFT_VERSION = 4.2;
				TARGETED_DEVICE_FAMILY = "1,2";
				TEST_HOST = "$(BUILT_PRODUCTS_DIR)/Example.app/Example";
			};
			name = Debug;
		};
		F5D85873223D6F3D003350B9 /* Release */ = {
			isa = XCBuildConfiguration;
			buildSettings = {
				CODE_SIGN_STYLE = Automatic;
				INFOPLIST_FILE = RsaTests/Info.plist;
				IPHONEOS_DEPLOYMENT_TARGET = 12.1;
				LD_RUNPATH_SEARCH_PATHS = (
					"$(inherited)",
					"@executable_path/Frameworks",
					"@loader_path/Frameworks",
				);
				PRODUCT_BUNDLE_IDENTIFIER = com.noah.cl.zhuang.RsaTests;
				PRODUCT_NAME = "$(TARGET_NAME)";
				SWIFT_VERSION = 4.2;
				TARGETED_DEVICE_FAMILY = "1,2";
				TEST_HOST = "$(BUILT_PRODUCTS_DIR)/Example.app/Example";
			};
			name = Release;
		};
/* End XCBuildConfiguration section */

/* Begin XCConfigurationList section */
		F5471FE72240B1E5000EBC82 /* Build configuration list for PBXNativeTarget "AesTests" */ = {
			isa = XCConfigurationList;
			buildConfigurations = (
				F5471FE82240B1E5000EBC82 /* Debug */,
				F5471FE92240B1E5000EBC82 /* Release */,
			);
			defaultConfigurationIsVisible = 0;
			defaultConfigurationName = Release;
		};
		F59CED84223D9152007CF454 /* Build configuration list for PBXNativeTarget "Example" */ = {
			isa = XCConfigurationList;
			buildConfigurations = (
				F59CED85223D9152007CF454 /* Debug */,
				F59CED86223D9152007CF454 /* Release */,
			);
			defaultConfigurationIsVisible = 0;
			defaultConfigurationName = Release;
		};
		F5D857A5223CF081003350B9 /* Build configuration list for PBXProject "CryptoKit" */ = {
			isa = XCConfigurationList;
			buildConfigurations = (
				F5D857B1223CF081003350B9 /* Debug */,
				F5D857B2223CF081003350B9 /* Release */,
			);
			defaultConfigurationIsVisible = 0;
			defaultConfigurationName = Release;
		};
		F5D857B3223CF081003350B9 /* Build configuration list for PBXNativeTarget "CryptoKit" */ = {
			isa = XCConfigurationList;
			buildConfigurations = (
				F5D857B4223CF081003350B9 /* Debug */,
				F5D857B5223CF081003350B9 /* Release */,
			);
			defaultConfigurationIsVisible = 0;
			defaultConfigurationName = Release;
		};
		F5D85871223D6F3D003350B9 /* Build configuration list for PBXNativeTarget "RsaTests" */ = {
			isa = XCConfigurationList;
			buildConfigurations = (
				F5D85872223D6F3D003350B9 /* Debug */,
				F5D85873223D6F3D003350B9 /* Release */,
			);
			defaultConfigurationIsVisible = 0;
			defaultConfigurationName = Release;
		};
/* End XCConfigurationList section */
	};
	rootObject = F5D857A2223CF081003350B9 /* Project object */;
}
